// !$*UTF8*$!
{
	archiveVersion = 1;
	classes = {
	};
	objectVersion = 46;
	objects = {

/* Begin PBXBuildFile section */
		3E2BB7E01A94FF0000E78B3A /* AppNavigationController.m in Sources */ = {isa = PBXBuildFile; fileRef = 3E2BB7DE1A94FF0000E78B3A /* AppNavigationController.m */; };
		3E2BB7E11A94FF0000E78B3A /* AppNavigationController.xib in Resources */ = {isa = PBXBuildFile; fileRef = 3E2BB7DF1A94FF0000E78B3A /* AppNavigationController.xib */; };
		3E312DFD1A96F36700DC747B /* SurveyHeaderCell.m in Sources */ = {isa = PBXBuildFile; fileRef = 3E312DFB1A96F36700DC747B /* SurveyHeaderCell.m */; };
		3E312DFE1A96F36700DC747B /* SurveyHeaderCell.xib in Resources */ = {isa = PBXBuildFile; fileRef = 3E312DFC1A96F36700DC747B /* SurveyHeaderCell.xib */; };
		3E312E011A970EBC00DC747B /* BarView.m in Sources */ = {isa = PBXBuildFile; fileRef = 3E312E001A970EBC00DC747B /* BarView.m */; };
		3E7C1D4F1A958BC10046FDE1 /* HomeViewController.m in Sources */ = {isa = PBXBuildFile; fileRef = 3E7C1D4D1A958BC10046FDE1 /* HomeViewController.m */; };
		3E7C1D501A958BC10046FDE1 /* HomeViewController.xib in Resources */ = {isa = PBXBuildFile; fileRef = 3E7C1D4E1A958BC10046FDE1 /* HomeViewController.xib */; };
		3E7C1D541A958D120046FDE1 /* SurveyCell.m in Sources */ = {isa = PBXBuildFile; fileRef = 3E7C1D521A958D120046FDE1 /* SurveyCell.m */; };
		3E7C1D551A958D120046FDE1 /* SurveyCell.xib in Resources */ = {isa = PBXBuildFile; fileRef = 3E7C1D531A958D120046FDE1 /* SurveyCell.xib */; };
		3E7C1D591A95AA520046FDE1 /* SurveyViewController.m in Sources */ = {isa = PBXBuildFile; fileRef = 3E7C1D571A95AA520046FDE1 /* SurveyViewController.m */; };
		3E7C1D5A1A95AA520046FDE1 /* SurveyViewController.xib in Resources */ = {isa = PBXBuildFile; fileRef = 3E7C1D581A95AA520046FDE1 /* SurveyViewController.xib */; };
		3E7C1D681A966CBA0046FDE1 /* AnswerCell.m in Sources */ = {isa = PBXBuildFile; fileRef = 3E7C1D661A966CBA0046FDE1 /* AnswerCell.m */; };
		3E7C1D691A966CBA0046FDE1 /* AnswerCell.xib in Resources */ = {isa = PBXBuildFile; fileRef = 3E7C1D671A966CBA0046FDE1 /* AnswerCell.xib */; };
		B862A88C1A970E25008B2310 /* DetailAnswerCell.m in Sources */ = {isa = PBXBuildFile; fileRef = B862A88A1A970E25008B2310 /* DetailAnswerCell.m */; };
		B862A88D1A970E25008B2310 /* DetailAnswerCell.xib in Resources */ = {isa = PBXBuildFile; fileRef = B862A88B1A970E25008B2310 /* DetailAnswerCell.xib */; };
		B87C15BC1A93113400191823 /* LoginViewController.m in Sources */ = {isa = PBXBuildFile; fileRef = B87C15B71A93113400191823 /* LoginViewController.m */; };
		B87C15BD1A93113400191823 /* LoginViewController.xib in Resources */ = {isa = PBXBuildFile; fileRef = B87C15B81A93113400191823 /* LoginViewController.xib */; };
		B8BA93E81A9459B5003BD476 /* User.m in Sources */ = {isa = PBXBuildFile; fileRef = B8BA93E71A9459B5003BD476 /* User.m */; };
		B8BA93EB1A9464C7003BD476 /* Question.m in Sources */ = {isa = PBXBuildFile; fileRef = B8BA93EA1A9464C7003BD476 /* Question.m */; };
		B8BA93F41A947718003BD476 /* Answer.m in Sources */ = {isa = PBXBuildFile; fileRef = B8BA93F31A947718003BD476 /* Answer.m */; };
		B8BA93F71A947817003BD476 /* Vote.m in Sources */ = {isa = PBXBuildFile; fileRef = B8BA93F61A947817003BD476 /* Vote.m */; };
		B8C0DBCD1A94F71A0023BC39 /* ComposeViewController.m in Sources */ = {isa = PBXBuildFile; fileRef = B8C0DBCB1A94F71A0023BC39 /* ComposeViewController.m */; };
		B8C0DBCE1A94F71A0023BC39 /* ComposeViewController.xib in Resources */ = {isa = PBXBuildFile; fileRef = B8C0DBCC1A94F71A0023BC39 /* ComposeViewController.xib */; };
		B8C0DBDC1A95138C0023BC39 /* ComposeAnswerCell.m in Sources */ = {isa = PBXBuildFile; fileRef = B8C0DBDA1A95138C0023BC39 /* ComposeAnswerCell.m */; };
		B8C0DBDD1A95138C0023BC39 /* ComposeAnswerCell.xib in Resources */ = {isa = PBXBuildFile; fileRef = B8C0DBDB1A95138C0023BC39 /* ComposeAnswerCell.xib */; };
		B8C0DBF11A95C1DA0023BC39 /* Survey.m in Sources */ = {isa = PBXBuildFile; fileRef = B8C0DBF01A95C1DA0023BC39 /* Survey.m */; };
		B8C0DBF41A95C2D60023BC39 /* ParseClient.m in Sources */ = {isa = PBXBuildFile; fileRef = B8C0DBF31A95C2D60023BC39 /* ParseClient.m */; };
		B8C291B51A930BDD000F2143 /* main.m in Sources */ = {isa = PBXBuildFile; fileRef = B8C291B41A930BDD000F2143 /* main.m */; };
		B8C291B81A930BDD000F2143 /* AppDelegate.m in Sources */ = {isa = PBXBuildFile; fileRef = B8C291B71A930BDD000F2143 /* AppDelegate.m */; };
		B8C291C01A930BDD000F2143 /* Images.xcassets in Resources */ = {isa = PBXBuildFile; fileRef = B8C291BF1A930BDD000F2143 /* Images.xcassets */; };
		B8C291C31A930BDD000F2143 /* LaunchScreen.xib in Resources */ = {isa = PBXBuildFile; fileRef = B8C291C11A930BDD000F2143 /* LaunchScreen.xib */; };
		B8C291CF1A930BDD000F2143 /* unnamedTests.m in Sources */ = {isa = PBXBuildFile; fileRef = B8C291CE1A930BDD000F2143 /* unnamedTests.m */; };
		B8C704AA1A97065600243C3B /* DetailQuestionCell.m in Sources */ = {isa = PBXBuildFile; fileRef = B8C704A81A97065600243C3B /* DetailQuestionCell.m */; };
		B8C704AB1A97065600243C3B /* DetailQuestionCell.xib in Resources */ = {isa = PBXBuildFile; fileRef = B8C704A91A97065600243C3B /* DetailQuestionCell.xib */; };
		E25DBF061A9489530074D48B /* TabBarMenuViewController.m in Sources */ = {isa = PBXBuildFile; fileRef = E25DBF041A9489530074D48B /* TabBarMenuViewController.m */; };
		E25DBF071A9489530074D48B /* TabBarMenuViewController.xib in Resources */ = {isa = PBXBuildFile; fileRef = E25DBF051A9489530074D48B /* TabBarMenuViewController.xib */; };
		E25DBF0B1A948D870074D48B /* ProfileViewController.m in Sources */ = {isa = PBXBuildFile; fileRef = E25DBF091A948D870074D48B /* ProfileViewController.m */; };
		E25DBF0C1A948D870074D48B /* ProfileViewController.xib in Resources */ = {isa = PBXBuildFile; fileRef = E25DBF0A1A948D870074D48B /* ProfileViewController.xib */; };
		E2C6FF1E1A96C178005AEDA9 /* ProfileCell.m in Sources */ = {isa = PBXBuildFile; fileRef = E2C6FF1C1A96C178005AEDA9 /* ProfileCell.m */; };
		E2C6FF1F1A96C178005AEDA9 /* ProfileCell.xib in Resources */ = {isa = PBXBuildFile; fileRef = E2C6FF1D1A96C178005AEDA9 /* ProfileCell.xib */; };
		EAB0BC95865217516AEE88BF /* libPods.a in Frameworks */ = {isa = PBXBuildFile; fileRef = 4AEAEEA448EAC175BD0FED56 /* libPods.a */; };
/* End PBXBuildFile section */

/* Begin PBXContainerItemProxy section */
		B8C291C91A930BDD000F2143 /* PBXContainerItemProxy */ = {
			isa = PBXContainerItemProxy;
			containerPortal = B8C291A71A930BDD000F2143 /* Project object */;
			proxyType = 1;
			remoteGlobalIDString = B8C291AE1A930BDD000F2143;
			remoteInfo = unnamed;
		};
/* End PBXContainerItemProxy section */

/* Begin PBXFileReference section */
		07914F7A13E0F07E2C695706 /* Pods.debug.xcconfig */ = {isa = PBXFileReference; includeInIndex = 1; lastKnownFileType = text.xcconfig; name = Pods.debug.xcconfig; path = "Pods/Target Support Files/Pods/Pods.debug.xcconfig"; sourceTree = "<group>"; };
		3E2BB7DD1A94FF0000E78B3A /* AppNavigationController.h */ = {isa = PBXFileReference; fileEncoding = 4; lastKnownFileType = sourcecode.c.h; path = AppNavigationController.h; sourceTree = "<group>"; };
		3E2BB7DE1A94FF0000E78B3A /* AppNavigationController.m */ = {isa = PBXFileReference; fileEncoding = 4; lastKnownFileType = sourcecode.c.objc; path = AppNavigationController.m; sourceTree = "<group>"; };
		3E2BB7DF1A94FF0000E78B3A /* AppNavigationController.xib */ = {isa = PBXFileReference; fileEncoding = 4; lastKnownFileType = file.xib; path = AppNavigationController.xib; sourceTree = "<group>"; };
		3E312DFA1A96F36700DC747B /* SurveyHeaderCell.h */ = {isa = PBXFileReference; fileEncoding = 4; lastKnownFileType = sourcecode.c.h; path = SurveyHeaderCell.h; sourceTree = "<group>"; };
		3E312DFB1A96F36700DC747B /* SurveyHeaderCell.m */ = {isa = PBXFileReference; fileEncoding = 4; lastKnownFileType = sourcecode.c.objc; path = SurveyHeaderCell.m; sourceTree = "<group>"; };
		3E312DFC1A96F36700DC747B /* SurveyHeaderCell.xib */ = {isa = PBXFileReference; fileEncoding = 4; lastKnownFileType = file.xib; path = SurveyHeaderCell.xib; sourceTree = "<group>"; };
		3E312DFF1A970EBC00DC747B /* BarView.h */ = {isa = PBXFileReference; fileEncoding = 4; lastKnownFileType = sourcecode.c.h; path = BarView.h; sourceTree = "<group>"; };
		3E312E001A970EBC00DC747B /* BarView.m */ = {isa = PBXFileReference; fileEncoding = 4; lastKnownFileType = sourcecode.c.objc; path = BarView.m; sourceTree = "<group>"; };
		3E7C1D4C1A958BC10046FDE1 /* HomeViewController.h */ = {isa = PBXFileReference; fileEncoding = 4; lastKnownFileType = sourcecode.c.h; path = HomeViewController.h; sourceTree = "<group>"; };
		3E7C1D4D1A958BC10046FDE1 /* HomeViewController.m */ = {isa = PBXFileReference; fileEncoding = 4; lastKnownFileType = sourcecode.c.objc; path = HomeViewController.m; sourceTree = "<group>"; };
		3E7C1D4E1A958BC10046FDE1 /* HomeViewController.xib */ = {isa = PBXFileReference; fileEncoding = 4; lastKnownFileType = file.xib; path = HomeViewController.xib; sourceTree = "<group>"; };
		3E7C1D511A958D120046FDE1 /* SurveyCell.h */ = {isa = PBXFileReference; fileEncoding = 4; lastKnownFileType = sourcecode.c.h; path = SurveyCell.h; sourceTree = "<group>"; };
		3E7C1D521A958D120046FDE1 /* SurveyCell.m */ = {isa = PBXFileReference; fileEncoding = 4; lastKnownFileType = sourcecode.c.objc; path = SurveyCell.m; sourceTree = "<group>"; };
		3E7C1D531A958D120046FDE1 /* SurveyCell.xib */ = {isa = PBXFileReference; fileEncoding = 4; lastKnownFileType = file.xib; path = SurveyCell.xib; sourceTree = "<group>"; };
		3E7C1D561A95AA520046FDE1 /* SurveyViewController.h */ = {isa = PBXFileReference; fileEncoding = 4; lastKnownFileType = sourcecode.c.h; path = SurveyViewController.h; sourceTree = "<group>"; };
		3E7C1D571A95AA520046FDE1 /* SurveyViewController.m */ = {isa = PBXFileReference; fileEncoding = 4; lastKnownFileType = sourcecode.c.objc; path = SurveyViewController.m; sourceTree = "<group>"; };
		3E7C1D581A95AA520046FDE1 /* SurveyViewController.xib */ = {isa = PBXFileReference; fileEncoding = 4; lastKnownFileType = file.xib; path = SurveyViewController.xib; sourceTree = "<group>"; };
		3E7C1D651A966CBA0046FDE1 /* AnswerCell.h */ = {isa = PBXFileReference; fileEncoding = 4; lastKnownFileType = sourcecode.c.h; path = AnswerCell.h; sourceTree = "<group>"; };
		3E7C1D661A966CBA0046FDE1 /* AnswerCell.m */ = {isa = PBXFileReference; fileEncoding = 4; lastKnownFileType = sourcecode.c.objc; path = AnswerCell.m; sourceTree = "<group>"; };
		3E7C1D671A966CBA0046FDE1 /* AnswerCell.xib */ = {isa = PBXFileReference; fileEncoding = 4; lastKnownFileType = file.xib; path = AnswerCell.xib; sourceTree = "<group>"; };
		4AEAEEA448EAC175BD0FED56 /* libPods.a */ = {isa = PBXFileReference; explicitFileType = archive.ar; includeInIndex = 0; path = libPods.a; sourceTree = BUILT_PRODUCTS_DIR; };
		5BA90E0F57CF5978BEB02DE4 /* Pods.release.xcconfig */ = {isa = PBXFileReference; includeInIndex = 1; lastKnownFileType = text.xcconfig; name = Pods.release.xcconfig; path = "Pods/Target Support Files/Pods/Pods.release.xcconfig"; sourceTree = "<group>"; };
		B862A8891A970E25008B2310 /* DetailAnswerCell.h */ = {isa = PBXFileReference; fileEncoding = 4; lastKnownFileType = sourcecode.c.h; path = DetailAnswerCell.h; sourceTree = "<group>"; };
		B862A88A1A970E25008B2310 /* DetailAnswerCell.m */ = {isa = PBXFileReference; fileEncoding = 4; lastKnownFileType = sourcecode.c.objc; path = DetailAnswerCell.m; sourceTree = "<group>"; };
		B862A88B1A970E25008B2310 /* DetailAnswerCell.xib */ = {isa = PBXFileReference; fileEncoding = 4; lastKnownFileType = file.xib; path = DetailAnswerCell.xib; sourceTree = "<group>"; };
		B87C15B61A93113400191823 /* LoginViewController.h */ = {isa = PBXFileReference; fileEncoding = 4; lastKnownFileType = sourcecode.c.h; path = LoginViewController.h; sourceTree = "<group>"; };
		B87C15B71A93113400191823 /* LoginViewController.m */ = {isa = PBXFileReference; fileEncoding = 4; lastKnownFileType = sourcecode.c.objc; path = LoginViewController.m; sourceTree = "<group>"; };
		B87C15B81A93113400191823 /* LoginViewController.xib */ = {isa = PBXFileReference; fileEncoding = 4; lastKnownFileType = file.xib; path = LoginViewController.xib; sourceTree = "<group>"; };
		B8BA93E61A9459B5003BD476 /* User.h */ = {isa = PBXFileReference; fileEncoding = 4; lastKnownFileType = sourcecode.c.h; path = User.h; sourceTree = "<group>"; };
		B8BA93E71A9459B5003BD476 /* User.m */ = {isa = PBXFileReference; fileEncoding = 4; lastKnownFileType = sourcecode.c.objc; path = User.m; sourceTree = "<group>"; };
		B8BA93E91A9464C7003BD476 /* Question.h */ = {isa = PBXFileReference; fileEncoding = 4; lastKnownFileType = sourcecode.c.h; path = Question.h; sourceTree = "<group>"; };
		B8BA93EA1A9464C7003BD476 /* Question.m */ = {isa = PBXFileReference; fileEncoding = 4; lastKnownFileType = sourcecode.c.objc; path = Question.m; sourceTree = "<group>"; };
		B8BA93F21A947718003BD476 /* Answer.h */ = {isa = PBXFileReference; fileEncoding = 4; lastKnownFileType = sourcecode.c.h; path = Answer.h; sourceTree = "<group>"; };
		B8BA93F31A947718003BD476 /* Answer.m */ = {isa = PBXFileReference; fileEncoding = 4; lastKnownFileType = sourcecode.c.objc; path = Answer.m; sourceTree = "<group>"; };
		B8BA93F51A947817003BD476 /* Vote.h */ = {isa = PBXFileReference; fileEncoding = 4; lastKnownFileType = sourcecode.c.h; path = Vote.h; sourceTree = "<group>"; };
		B8BA93F61A947817003BD476 /* Vote.m */ = {isa = PBXFileReference; fileEncoding = 4; lastKnownFileType = sourcecode.c.objc; path = Vote.m; sourceTree = "<group>"; };
		B8C0DBCA1A94F71A0023BC39 /* ComposeViewController.h */ = {isa = PBXFileReference; fileEncoding = 4; lastKnownFileType = sourcecode.c.h; path = ComposeViewController.h; sourceTree = "<group>"; };
		B8C0DBCB1A94F71A0023BC39 /* ComposeViewController.m */ = {isa = PBXFileReference; fileEncoding = 4; lastKnownFileType = sourcecode.c.objc; path = ComposeViewController.m; sourceTree = "<group>"; };
		B8C0DBCC1A94F71A0023BC39 /* ComposeViewController.xib */ = {isa = PBXFileReference; fileEncoding = 4; lastKnownFileType = file.xib; path = ComposeViewController.xib; sourceTree = "<group>"; };
		B8C0DBD91A95138C0023BC39 /* ComposeAnswerCell.h */ = {isa = PBXFileReference; fileEncoding = 4; lastKnownFileType = sourcecode.c.h; path = ComposeAnswerCell.h; sourceTree = "<group>"; };
		B8C0DBDA1A95138C0023BC39 /* ComposeAnswerCell.m */ = {isa = PBXFileReference; fileEncoding = 4; lastKnownFileType = sourcecode.c.objc; path = ComposeAnswerCell.m; sourceTree = "<group>"; };
		B8C0DBDB1A95138C0023BC39 /* ComposeAnswerCell.xib */ = {isa = PBXFileReference; fileEncoding = 4; lastKnownFileType = file.xib; path = ComposeAnswerCell.xib; sourceTree = "<group>"; };
		B8C0DBEF1A95C1DA0023BC39 /* Survey.h */ = {isa = PBXFileReference; fileEncoding = 4; lastKnownFileType = sourcecode.c.h; name = Survey.h; path = Model/Survey.h; sourceTree = "<group>"; };
		B8C0DBF01A95C1DA0023BC39 /* Survey.m */ = {isa = PBXFileReference; fileEncoding = 4; lastKnownFileType = sourcecode.c.objc; name = Survey.m; path = Model/Survey.m; sourceTree = "<group>"; };
		B8C0DBF21A95C2D60023BC39 /* ParseClient.h */ = {isa = PBXFileReference; fileEncoding = 4; lastKnownFileType = sourcecode.c.h; path = ParseClient.h; sourceTree = "<group>"; };
		B8C0DBF31A95C2D60023BC39 /* ParseClient.m */ = {isa = PBXFileReference; fileEncoding = 4; lastKnownFileType = sourcecode.c.objc; path = ParseClient.m; sourceTree = "<group>"; };
		B8C291AF1A930BDD000F2143 /* unnamed.app */ = {isa = PBXFileReference; explicitFileType = wrapper.application; includeInIndex = 0; path = unnamed.app; sourceTree = BUILT_PRODUCTS_DIR; };
		B8C291B31A930BDD000F2143 /* Info.plist */ = {isa = PBXFileReference; lastKnownFileType = text.plist.xml; path = Info.plist; sourceTree = "<group>"; };
		B8C291B41A930BDD000F2143 /* main.m */ = {isa = PBXFileReference; lastKnownFileType = sourcecode.c.objc; path = main.m; sourceTree = "<group>"; };
		B8C291B61A930BDD000F2143 /* AppDelegate.h */ = {isa = PBXFileReference; lastKnownFileType = sourcecode.c.h; path = AppDelegate.h; sourceTree = "<group>"; };
		B8C291B71A930BDD000F2143 /* AppDelegate.m */ = {isa = PBXFileReference; lastKnownFileType = sourcecode.c.objc; path = AppDelegate.m; sourceTree = "<group>"; };
		B8C291BF1A930BDD000F2143 /* Images.xcassets */ = {isa = PBXFileReference; lastKnownFileType = folder.assetcatalog; path = Images.xcassets; sourceTree = "<group>"; };
		B8C291C21A930BDD000F2143 /* Base */ = {isa = PBXFileReference; lastKnownFileType = file.xib; name = Base; path = Base.lproj/LaunchScreen.xib; sourceTree = "<group>"; };
		B8C291C81A930BDD000F2143 /* unnamedTests.xctest */ = {isa = PBXFileReference; explicitFileType = wrapper.cfbundle; includeInIndex = 0; path = unnamedTests.xctest; sourceTree = BUILT_PRODUCTS_DIR; };
		B8C291CD1A930BDD000F2143 /* Info.plist */ = {isa = PBXFileReference; lastKnownFileType = text.plist.xml; path = Info.plist; sourceTree = "<group>"; };
		B8C291CE1A930BDD000F2143 /* unnamedTests.m */ = {isa = PBXFileReference; lastKnownFileType = sourcecode.c.objc; path = unnamedTests.m; sourceTree = "<group>"; };
		B8C704A71A97065600243C3B /* DetailQuestionCell.h */ = {isa = PBXFileReference; fileEncoding = 4; lastKnownFileType = sourcecode.c.h; path = DetailQuestionCell.h; sourceTree = "<group>"; };
		B8C704A81A97065600243C3B /* DetailQuestionCell.m */ = {isa = PBXFileReference; fileEncoding = 4; lastKnownFileType = sourcecode.c.objc; path = DetailQuestionCell.m; sourceTree = "<group>"; };
		B8C704A91A97065600243C3B /* DetailQuestionCell.xib */ = {isa = PBXFileReference; fileEncoding = 4; lastKnownFileType = file.xib; path = DetailQuestionCell.xib; sourceTree = "<group>"; };
		E25DBF031A9489530074D48B /* TabBarMenuViewController.h */ = {isa = PBXFileReference; fileEncoding = 4; lastKnownFileType = sourcecode.c.h; path = TabBarMenuViewController.h; sourceTree = "<group>"; };
		E25DBF041A9489530074D48B /* TabBarMenuViewController.m */ = {isa = PBXFileReference; fileEncoding = 4; lastKnownFileType = sourcecode.c.objc; path = TabBarMenuViewController.m; sourceTree = "<group>"; };
		E25DBF051A9489530074D48B /* TabBarMenuViewController.xib */ = {isa = PBXFileReference; fileEncoding = 4; lastKnownFileType = file.xib; path = TabBarMenuViewController.xib; sourceTree = "<group>"; };
		E25DBF081A948D870074D48B /* ProfileViewController.h */ = {isa = PBXFileReference; fileEncoding = 4; lastKnownFileType = sourcecode.c.h; path = ProfileViewController.h; sourceTree = "<group>"; };
		E25DBF091A948D870074D48B /* ProfileViewController.m */ = {isa = PBXFileReference; fileEncoding = 4; lastKnownFileType = sourcecode.c.objc; path = ProfileViewController.m; sourceTree = "<group>"; };
		E25DBF0A1A948D870074D48B /* ProfileViewController.xib */ = {isa = PBXFileReference; fileEncoding = 4; lastKnownFileType = file.xib; path = ProfileViewController.xib; sourceTree = "<group>"; };
		E2C6FF1B1A96C178005AEDA9 /* ProfileCell.h */ = {isa = PBXFileReference; fileEncoding = 4; lastKnownFileType = sourcecode.c.h; path = ProfileCell.h; sourceTree = "<group>"; };
		E2C6FF1C1A96C178005AEDA9 /* ProfileCell.m */ = {isa = PBXFileReference; fileEncoding = 4; lastKnownFileType = sourcecode.c.objc; path = ProfileCell.m; sourceTree = "<group>"; };
		E2C6FF1D1A96C178005AEDA9 /* ProfileCell.xib */ = {isa = PBXFileReference; fileEncoding = 4; lastKnownFileType = file.xib; path = ProfileCell.xib; sourceTree = "<group>"; };
/* End PBXFileReference section */

/* Begin PBXFrameworksBuildPhase section */
		B8C291AC1A930BDD000F2143 /* Frameworks */ = {
			isa = PBXFrameworksBuildPhase;
			buildActionMask = 2147483647;
			files = (
				EAB0BC95865217516AEE88BF /* libPods.a in Frameworks */,
			);
			runOnlyForDeploymentPostprocessing = 0;
		};
		B8C291C51A930BDD000F2143 /* Frameworks */ = {
			isa = PBXFrameworksBuildPhase;
			buildActionMask = 2147483647;
			files = (
			);
			runOnlyForDeploymentPostprocessing = 0;
		};
/* End PBXFrameworksBuildPhase section */

/* Begin PBXGroup section */
		3E2BB7D71A94FC5E00E78B3A /* Navigation */ = {
			isa = PBXGroup;
			children = (
				3E2BB7DD1A94FF0000E78B3A /* AppNavigationController.h */,
				3E2BB7DE1A94FF0000E78B3A /* AppNavigationController.m */,
				3E2BB7DF1A94FF0000E78B3A /* AppNavigationController.xib */,
			);
			name = Navigation;
			sourceTree = "<group>";
		};
		B8C0DBEE1A95C15B0023BC39 /* Parse */ = {
			isa = PBXGroup;
			children = (
				B8BA93E91A9464C7003BD476 /* Question.h */,
				B8BA93EA1A9464C7003BD476 /* Question.m */,
				B8BA93F21A947718003BD476 /* Answer.h */,
				B8BA93F31A947718003BD476 /* Answer.m */,
				B8BA93F51A947817003BD476 /* Vote.h */,
				B8BA93F61A947817003BD476 /* Vote.m */,
				B8C0DBF21A95C2D60023BC39 /* ParseClient.h */,
				B8C0DBF31A95C2D60023BC39 /* ParseClient.m */,
			);
			name = Parse;
			sourceTree = "<group>";
		};
		B8C291A61A930BDD000F2143 = {
			isa = PBXGroup;
			children = (
				B8C291B11A930BDD000F2143 /* unnamed */,
				B8C291CB1A930BDD000F2143 /* unnamedTests */,
				B8C291B01A930BDD000F2143 /* Products */,
				B9E1663BB28CD86599F07AC5 /* Pods */,
				F44CE2B125E917BFB552968F /* Frameworks */,
			);
			sourceTree = "<group>";
		};
		B8C291B01A930BDD000F2143 /* Products */ = {
			isa = PBXGroup;
			children = (
				B8C291AF1A930BDD000F2143 /* unnamed.app */,
				B8C291C81A930BDD000F2143 /* unnamedTests.xctest */,
			);
			name = Products;
			sourceTree = "<group>";
		};
		B8C291B11A930BDD000F2143 /* unnamed */ = {
			isa = PBXGroup;
			children = (
				B8C291C11A930BDD000F2143 /* LaunchScreen.xib */,
				B8C291B61A930BDD000F2143 /* AppDelegate.h */,
				B8C291B71A930BDD000F2143 /* AppDelegate.m */,
				B8C291BF1A930BDD000F2143 /* Images.xcassets */,
				3E2BB7D71A94FC5E00E78B3A /* Navigation */,
				B8C291DA1A930C55000F2143 /* Control */,
				B8C291D81A930C23000F2143 /* Model */,
				B8C291D91A930C40000F2143 /* View */,
				B8C0DBEE1A95C15B0023BC39 /* Parse */,
				B8C291B21A930BDD000F2143 /* Supporting Files */,
			);
			path = unnamed;
			sourceTree = "<group>";
		};
		B8C291B21A930BDD000F2143 /* Supporting Files */ = {
			isa = PBXGroup;
			children = (
				B8C291B31A930BDD000F2143 /* Info.plist */,
				B8C291B41A930BDD000F2143 /* main.m */,
			);
			name = "Supporting Files";
			sourceTree = "<group>";
		};
		B8C291CB1A930BDD000F2143 /* unnamedTests */ = {
			isa = PBXGroup;
			children = (
				B8C291CE1A930BDD000F2143 /* unnamedTests.m */,
				B8C291CC1A930BDD000F2143 /* Supporting Files */,
			);
			path = unnamedTests;
			sourceTree = "<group>";
		};
		B8C291CC1A930BDD000F2143 /* Supporting Files */ = {
			isa = PBXGroup;
			children = (
				B8C291CD1A930BDD000F2143 /* Info.plist */,
			);
			name = "Supporting Files";
			sourceTree = "<group>";
		};
		B8C291D81A930C23000F2143 /* Model */ = {
			isa = PBXGroup;
			children = (
				B8BA93E61A9459B5003BD476 /* User.h */,
				B8BA93E71A9459B5003BD476 /* User.m */,
				B8C0DBEF1A95C1DA0023BC39 /* Survey.h */,
				B8C0DBF01A95C1DA0023BC39 /* Survey.m */,
			);
			name = Model;
			sourceTree = "<group>";
		};
		B8C291D91A930C40000F2143 /* View */ = {
			isa = PBXGroup;
			children = (
				3E7C1D651A966CBA0046FDE1 /* AnswerCell.h */,
				3E7C1D661A966CBA0046FDE1 /* AnswerCell.m */,
				3E7C1D671A966CBA0046FDE1 /* AnswerCell.xib */,
				B8C0DBD91A95138C0023BC39 /* ComposeAnswerCell.h */,
				B8C0DBDA1A95138C0023BC39 /* ComposeAnswerCell.m */,
				B8C0DBDB1A95138C0023BC39 /* ComposeAnswerCell.xib */,
				3E7C1D511A958D120046FDE1 /* SurveyCell.h */,
				3E7C1D521A958D120046FDE1 /* SurveyCell.m */,
				3E7C1D531A958D120046FDE1 /* SurveyCell.xib */,
				3E312DFA1A96F36700DC747B /* SurveyHeaderCell.h */,
				3E312DFB1A96F36700DC747B /* SurveyHeaderCell.m */,
				3E312DFC1A96F36700DC747B /* SurveyHeaderCell.xib */,
				3E312DFF1A970EBC00DC747B /* BarView.h */,
				3E312E001A970EBC00DC747B /* BarView.m */,
				E2C6FF1B1A96C178005AEDA9 /* ProfileCell.h */,
				E2C6FF1C1A96C178005AEDA9 /* ProfileCell.m */,
				E2C6FF1D1A96C178005AEDA9 /* ProfileCell.xib */,
				B8C704A71A97065600243C3B /* DetailQuestionCell.h */,
				B8C704A81A97065600243C3B /* DetailQuestionCell.m */,
				B8C704A91A97065600243C3B /* DetailQuestionCell.xib */,
				B862A8891A970E25008B2310 /* DetailAnswerCell.h */,
				B862A88A1A970E25008B2310 /* DetailAnswerCell.m */,
				B862A88B1A970E25008B2310 /* DetailAnswerCell.xib */,
			);
			name = View;
			sourceTree = "<group>";
		};
		B8C291DA1A930C55000F2143 /* Control */ = {
			isa = PBXGroup;
			children = (
				B87C15B61A93113400191823 /* LoginViewController.h */,
				B87C15B71A93113400191823 /* LoginViewController.m */,
				B87C15B81A93113400191823 /* LoginViewController.xib */,
				E25DBF031A9489530074D48B /* TabBarMenuViewController.h */,
				E25DBF041A9489530074D48B /* TabBarMenuViewController.m */,
				E25DBF051A9489530074D48B /* TabBarMenuViewController.xib */,
				E25DBF081A948D870074D48B /* ProfileViewController.h */,
				E25DBF091A948D870074D48B /* ProfileViewController.m */,
				E25DBF0A1A948D870074D48B /* ProfileViewController.xib */,
				B8C0DBCA1A94F71A0023BC39 /* ComposeViewController.h */,
				B8C0DBCB1A94F71A0023BC39 /* ComposeViewController.m */,
				B8C0DBCC1A94F71A0023BC39 /* ComposeViewController.xib */,
				3E7C1D4C1A958BC10046FDE1 /* HomeViewController.h */,
				3E7C1D4D1A958BC10046FDE1 /* HomeViewController.m */,
				3E7C1D4E1A958BC10046FDE1 /* HomeViewController.xib */,
				3E7C1D561A95AA520046FDE1 /* SurveyViewController.h */,
				3E7C1D571A95AA520046FDE1 /* SurveyViewController.m */,
				3E7C1D581A95AA520046FDE1 /* SurveyViewController.xib */,
			);
			name = Control;
			sourceTree = "<group>";
		};
		B9E1663BB28CD86599F07AC5 /* Pods */ = {
			isa = PBXGroup;
			children = (
				07914F7A13E0F07E2C695706 /* Pods.debug.xcconfig */,
				5BA90E0F57CF5978BEB02DE4 /* Pods.release.xcconfig */,
			);
			name = Pods;
			sourceTree = "<group>";
		};
		F44CE2B125E917BFB552968F /* Frameworks */ = {
			isa = PBXGroup;
			children = (
				4AEAEEA448EAC175BD0FED56 /* libPods.a */,
			);
			name = Frameworks;
			sourceTree = "<group>";
		};
/* End PBXGroup section */

/* Begin PBXNativeTarget section */
		B8C291AE1A930BDD000F2143 /* unnamed */ = {
			isa = PBXNativeTarget;
			buildConfigurationList = B8C291D21A930BDD000F2143 /* Build configuration list for PBXNativeTarget "unnamed" */;
			buildPhases = (
				6C1A3CFBCF9B91BB6BFC4897 /* Check Pods Manifest.lock */,
				B8C291AB1A930BDD000F2143 /* Sources */,
				B8C291AC1A930BDD000F2143 /* Frameworks */,
				B8C291AD1A930BDD000F2143 /* Resources */,
				999EDED524C1D9449308C729 /* Copy Pods Resources */,
			);
			buildRules = (
			);
			dependencies = (
			);
			name = unnamed;
			productName = unnamed;
			productReference = B8C291AF1A930BDD000F2143 /* unnamed.app */;
			productType = "com.apple.product-type.application";
		};
		B8C291C71A930BDD000F2143 /* unnamedTests */ = {
			isa = PBXNativeTarget;
			buildConfigurationList = B8C291D51A930BDD000F2143 /* Build configuration list for PBXNativeTarget "unnamedTests" */;
			buildPhases = (
				B8C291C41A930BDD000F2143 /* Sources */,
				B8C291C51A930BDD000F2143 /* Frameworks */,
				B8C291C61A930BDD000F2143 /* Resources */,
			);
			buildRules = (
			);
			dependencies = (
				B8C291CA1A930BDD000F2143 /* PBXTargetDependency */,
			);
			name = unnamedTests;
			productName = unnamedTests;
			productReference = B8C291C81A930BDD000F2143 /* unnamedTests.xctest */;
			productType = "com.apple.product-type.bundle.unit-test";
		};
/* End PBXNativeTarget section */

/* Begin PBXProject section */
		B8C291A71A930BDD000F2143 /* Project object */ = {
			isa = PBXProject;
			attributes = {
				LastUpgradeCheck = 0610;
				ORGANIZATIONNAME = com.yahoo;
				TargetAttributes = {
					B8C291AE1A930BDD000F2143 = {
						CreatedOnToolsVersion = 6.1.1;
					};
					B8C291C71A930BDD000F2143 = {
						CreatedOnToolsVersion = 6.1.1;
						TestTargetID = B8C291AE1A930BDD000F2143;
					};
				};
			};
			buildConfigurationList = B8C291AA1A930BDD000F2143 /* Build configuration list for PBXProject "unnamed" */;
			compatibilityVersion = "Xcode 3.2";
			developmentRegion = English;
			hasScannedForEncodings = 0;
			knownRegions = (
				en,
				Base,
			);
			mainGroup = B8C291A61A930BDD000F2143;
			productRefGroup = B8C291B01A930BDD000F2143 /* Products */;
			projectDirPath = "";
			projectRoot = "";
			targets = (
				B8C291AE1A930BDD000F2143 /* unnamed */,
				B8C291C71A930BDD000F2143 /* unnamedTests */,
			);
		};
/* End PBXProject section */

/* Begin PBXResourcesBuildPhase section */
		B8C291AD1A930BDD000F2143 /* Resources */ = {
			isa = PBXResourcesBuildPhase;
			buildActionMask = 2147483647;
			files = (
				E25DBF0C1A948D870074D48B /* ProfileViewController.xib in Resources */,
				B8C704AB1A97065600243C3B /* DetailQuestionCell.xib in Resources */,
				3E2BB7E11A94FF0000E78B3A /* AppNavigationController.xib in Resources */,
				E25DBF071A9489530074D48B /* TabBarMenuViewController.xib in Resources */,
				E2C6FF1F1A96C178005AEDA9 /* ProfileCell.xib in Resources */,
				B8C291C31A930BDD000F2143 /* LaunchScreen.xib in Resources */,
				3E7C1D551A958D120046FDE1 /* SurveyCell.xib in Resources */,
				3E7C1D5A1A95AA520046FDE1 /* SurveyViewController.xib in Resources */,
				B862A88D1A970E25008B2310 /* DetailAnswerCell.xib in Resources */,
				B8C291C01A930BDD000F2143 /* Images.xcassets in Resources */,
				3E7C1D691A966CBA0046FDE1 /* AnswerCell.xib in Resources */,
				B87C15BD1A93113400191823 /* LoginViewController.xib in Resources */,
				B8C0DBDD1A95138C0023BC39 /* ComposeAnswerCell.xib in Resources */,
				B8C0DBCE1A94F71A0023BC39 /* ComposeViewController.xib in Resources */,
				3E7C1D501A958BC10046FDE1 /* HomeViewController.xib in Resources */,
				3E312DFE1A96F36700DC747B /* SurveyHeaderCell.xib in Resources */,
			);
			runOnlyForDeploymentPostprocessing = 0;
		};
		B8C291C61A930BDD000F2143 /* Resources */ = {
			isa = PBXResourcesBuildPhase;
			buildActionMask = 2147483647;
			files = (
			);
			runOnlyForDeploymentPostprocessing = 0;
		};
/* End PBXResourcesBuildPhase section */

/* Begin PBXShellScriptBuildPhase section */
		6C1A3CFBCF9B91BB6BFC4897 /* Check Pods Manifest.lock */ = {
			isa = PBXShellScriptBuildPhase;
			buildActionMask = 2147483647;
			files = (
			);
			inputPaths = (
			);
			name = "Check Pods Manifest.lock";
			outputPaths = (
			);
			runOnlyForDeploymentPostprocessing = 0;
			shellPath = /bin/sh;
			shellScript = "diff \"${PODS_ROOT}/../Podfile.lock\" \"${PODS_ROOT}/Manifest.lock\" > /dev/null\nif [[ $? != 0 ]] ; then\n    cat << EOM\nerror: The sandbox is not in sync with the Podfile.lock. Run 'pod install' or update your CocoaPods installation.\nEOM\n    exit 1\nfi\n";
			showEnvVarsInLog = 0;
		};
		999EDED524C1D9449308C729 /* Copy Pods Resources */ = {
			isa = PBXShellScriptBuildPhase;
			buildActionMask = 2147483647;
			files = (
			);
			inputPaths = (
			);
			name = "Copy Pods Resources";
			outputPaths = (
			);
			runOnlyForDeploymentPostprocessing = 0;
			shellPath = /bin/sh;
			shellScript = "\"${SRCROOT}/Pods/Target Support Files/Pods/Pods-resources.sh\"\n";
			showEnvVarsInLog = 0;
		};
/* End PBXShellScriptBuildPhase section */

/* Begin PBXSourcesBuildPhase section */
		B8C291AB1A930BDD000F2143 /* Sources */ = {
			isa = PBXSourcesBuildPhase;
			buildActionMask = 2147483647;
			files = (
				B8C0DBF41A95C2D60023BC39 /* ParseClient.m in Sources */,
				B8BA93E81A9459B5003BD476 /* User.m in Sources */,
				B8C0DBF11A95C1DA0023BC39 /* Survey.m in Sources */,
				B8C704AA1A97065600243C3B /* DetailQuestionCell.m in Sources */,
				3E2BB7E01A94FF0000E78B3A /* AppNavigationController.m in Sources */,
				3E312E011A970EBC00DC747B /* BarView.m in Sources */,
				B8BA93F41A947718003BD476 /* Answer.m in Sources */,
				B8C0DBCD1A94F71A0023BC39 /* ComposeViewController.m in Sources */,
				3E7C1D541A958D120046FDE1 /* SurveyCell.m in Sources */,
				B8C291B81A930BDD000F2143 /* AppDelegate.m in Sources */,
				3E312DFD1A96F36700DC747B /* SurveyHeaderCell.m in Sources */,
				B8C291B51A930BDD000F2143 /* main.m in Sources */,
				E2C6FF1E1A96C178005AEDA9 /* ProfileCell.m in Sources */,
				E25DBF0B1A948D870074D48B /* ProfileViewController.m in Sources */,
				3E7C1D4F1A958BC10046FDE1 /* HomeViewController.m in Sources */,
				3E7C1D591A95AA520046FDE1 /* SurveyViewController.m in Sources */,
				B8BA93EB1A9464C7003BD476 /* Question.m in Sources */,
				E25DBF061A9489530074D48B /* TabBarMenuViewController.m in Sources */,
				B8C0DBDC1A95138C0023BC39 /* ComposeAnswerCell.m in Sources */,
				3E7C1D681A966CBA0046FDE1 /* AnswerCell.m in Sources */,
				B87C15BC1A93113400191823 /* LoginViewController.m in Sources */,
				B862A88C1A970E25008B2310 /* DetailAnswerCell.m in Sources */,
				B8BA93F71A947817003BD476 /* Vote.m in Sources */,
			);
			runOnlyForDeploymentPostprocessing = 0;
		};
		B8C291C41A930BDD000F2143 /* Sources */ = {
			isa = PBXSourcesBuildPhase;
			buildActionMask = 2147483647;
			files = (
				B8C291CF1A930BDD000F2143 /* unnamedTests.m in Sources */,
			);
			runOnlyForDeploymentPostprocessing = 0;
		};
/* End PBXSourcesBuildPhase section */

/* Begin PBXTargetDependency section */
		B8C291CA1A930BDD000F2143 /* PBXTargetDependency */ = {
			isa = PBXTargetDependency;
			target = B8C291AE1A930BDD000F2143 /* unnamed */;
			targetProxy = B8C291C91A930BDD000F2143 /* PBXContainerItemProxy */;
		};
/* End PBXTargetDependency section */

/* Begin PBXVariantGroup section */
		B8C291C11A930BDD000F2143 /* LaunchScreen.xib */ = {
			isa = PBXVariantGroup;
			children = (
				B8C291C21A930BDD000F2143 /* Base */,
			);
			name = LaunchScreen.xib;
			sourceTree = "<group>";
		};
/* End PBXVariantGroup section */

/* Begin XCBuildConfiguration section */
		B8C291D01A930BDD000F2143 /* Debug */ = {
			isa = XCBuildConfiguration;
			buildSettings = {
				ALWAYS_SEARCH_USER_PATHS = NO;
				CLANG_CXX_LANGUAGE_STANDARD = "gnu++0x";
				CLANG_CXX_LIBRARY = "libc++";
				CLANG_ENABLE_MODULES = YES;
				CLANG_ENABLE_OBJC_ARC = YES;
				CLANG_WARN_BOOL_CONVERSION = YES;
				CLANG_WARN_CONSTANT_CONVERSION = YES;
				CLANG_WARN_DIRECT_OBJC_ISA_USAGE = YES_ERROR;
				CLANG_WARN_EMPTY_BODY = YES;
				CLANG_WARN_ENUM_CONVERSION = YES;
				CLANG_WARN_INT_CONVERSION = YES;
				CLANG_WARN_OBJC_ROOT_CLASS = YES_ERROR;
				CLANG_WARN_UNREACHABLE_CODE = YES;
				CLANG_WARN__DUPLICATE_METHOD_MATCH = YES;
				"CODE_SIGN_IDENTITY[sdk=iphoneos*]" = "iPhone Developer";
				COPY_PHASE_STRIP = NO;
				ENABLE_STRICT_OBJC_MSGSEND = YES;
				GCC_C_LANGUAGE_STANDARD = gnu99;
				GCC_DYNAMIC_NO_PIC = NO;
				GCC_OPTIMIZATION_LEVEL = 0;
				GCC_PREPROCESSOR_DEFINITIONS = (
					"DEBUG=1",
					"$(inherited)",
				);
				GCC_SYMBOLS_PRIVATE_EXTERN = NO;
				GCC_WARN_64_TO_32_BIT_CONVERSION = YES;
				GCC_WARN_ABOUT_RETURN_TYPE = YES_ERROR;
				GCC_WARN_UNDECLARED_SELECTOR = YES;
				GCC_WARN_UNINITIALIZED_AUTOS = YES_AGGRESSIVE;
				GCC_WARN_UNUSED_FUNCTION = YES;
				GCC_WARN_UNUSED_VARIABLE = YES;
				IPHONEOS_DEPLOYMENT_TARGET = 8.1;
				MTL_ENABLE_DEBUG_INFO = YES;
				ONLY_ACTIVE_ARCH = YES;
				SDKROOT = iphoneos;
			};
			name = Debug;
		};
		B8C291D11A930BDD000F2143 /* Release */ = {
			isa = XCBuildConfiguration;
			buildSettings = {
				ALWAYS_SEARCH_USER_PATHS = NO;
				CLANG_CXX_LANGUAGE_STANDARD = "gnu++0x";
				CLANG_CXX_LIBRARY = "libc++";
				CLANG_ENABLE_MODULES = YES;
				CLANG_ENABLE_OBJC_ARC = YES;
				CLANG_WARN_BOOL_CONVERSION = YES;
				CLANG_WARN_CONSTANT_CONVERSION = YES;
				CLANG_WARN_DIRECT_OBJC_ISA_USAGE = YES_ERROR;
				CLANG_WARN_EMPTY_BODY = YES;
				CLANG_WARN_ENUM_CONVERSION = YES;
				CLANG_WARN_INT_CONVERSION = YES;
				CLANG_WARN_OBJC_ROOT_CLASS = YES_ERROR;
				CLANG_WARN_UNREACHABLE_CODE = YES;
				CLANG_WARN__DUPLICATE_METHOD_MATCH = YES;
				"CODE_SIGN_IDENTITY[sdk=iphoneos*]" = "iPhone Developer";
				COPY_PHASE_STRIP = YES;
				ENABLE_NS_ASSERTIONS = NO;
				ENABLE_STRICT_OBJC_MSGSEND = YES;
				GCC_C_LANGUAGE_STANDARD = gnu99;
				GCC_WARN_64_TO_32_BIT_CONVERSION = YES;
				GCC_WARN_ABOUT_RETURN_TYPE = YES_ERROR;
				GCC_WARN_UNDECLARED_SELECTOR = YES;
				GCC_WARN_UNINITIALIZED_AUTOS = YES_AGGRESSIVE;
				GCC_WARN_UNUSED_FUNCTION = YES;
				GCC_WARN_UNUSED_VARIABLE = YES;
				IPHONEOS_DEPLOYMENT_TARGET = 8.1;
				MTL_ENABLE_DEBUG_INFO = NO;
				SDKROOT = iphoneos;
				VALIDATE_PRODUCT = YES;
			};
			name = Release;
		};
		B8C291D31A930BDD000F2143 /* Debug */ = {
			isa = XCBuildConfiguration;
			baseConfigurationReference = 07914F7A13E0F07E2C695706 /* Pods.debug.xcconfig */;
			buildSettings = {
				ASSETCATALOG_COMPILER_APPICON_NAME = AppIcon;
				INFOPLIST_FILE = unnamed/Info.plist;
				LD_RUNPATH_SEARCH_PATHS = "$(inherited) @executable_path/Frameworks";
				PRODUCT_NAME = "$(TARGET_NAME)";
			};
			name = Debug;
		};
		B8C291D41A930BDD000F2143 /* Release */ = {
			isa = XCBuildConfiguration;
			baseConfigurationReference = 5BA90E0F57CF5978BEB02DE4 /* Pods.release.xcconfig */;
			buildSettings = {
				ASSETCATALOG_COMPILER_APPICON_NAME = AppIcon;
				INFOPLIST_FILE = unnamed/Info.plist;
				LD_RUNPATH_SEARCH_PATHS = "$(inherited) @executable_path/Frameworks";
				PRODUCT_NAME = "$(TARGET_NAME)";
			};
			name = Release;
		};
		B8C291D61A930BDD000F2143 /* Debug */ = {
			isa = XCBuildConfiguration;
			buildSettings = {
				BUNDLE_LOADER = "$(TEST_HOST)";
				FRAMEWORK_SEARCH_PATHS = (
					"$(SDKROOT)/Developer/Library/Frameworks",
					"$(inherited)",
				);
				GCC_PREPROCESSOR_DEFINITIONS = (
					"DEBUG=1",
					"$(inherited)",
				);
				INFOPLIST_FILE = unnamedTests/Info.plist;
				LD_RUNPATH_SEARCH_PATHS = "$(inherited) @executable_path/Frameworks @loader_path/Frameworks";
				PRODUCT_NAME = "$(TARGET_NAME)";
				TEST_HOST = "$(BUILT_PRODUCTS_DIR)/unnamed.app/unnamed";
			};
			name = Debug;
		};
		B8C291D71A930BDD000F2143 /* Release */ = {
			isa = XCBuildConfiguration;
			buildSettings = {
				BUNDLE_LOADER = "$(TEST_HOST)";
				FRAMEWORK_SEARCH_PATHS = (
					"$(SDKROOT)/Developer/Library/Frameworks",
					"$(inherited)",
				);
				INFOPLIST_FILE = unnamedTests/Info.plist;
				LD_RUNPATH_SEARCH_PATHS = "$(inherited) @executable_path/Frameworks @loader_path/Frameworks";
				PRODUCT_NAME = "$(TARGET_NAME)";
				TEST_HOST = "$(BUILT_PRODUCTS_DIR)/unnamed.app/unnamed";
			};
			name = Release;
		};
/* End XCBuildConfiguration section */

/* Begin XCConfigurationList section */
		B8C291AA1A930BDD000F2143 /* Build configuration list for PBXProject "unnamed" */ = {
			isa = XCConfigurationList;
			buildConfigurations = (
				B8C291D01A930BDD000F2143 /* Debug */,
				B8C291D11A930BDD000F2143 /* Release */,
			);
			defaultConfigurationIsVisible = 0;
			defaultConfigurationName = Release;
		};
		B8C291D21A930BDD000F2143 /* Build configuration list for PBXNativeTarget "unnamed" */ = {
			isa = XCConfigurationList;
			buildConfigurations = (
				B8C291D31A930BDD000F2143 /* Debug */,
				B8C291D41A930BDD000F2143 /* Release */,
			);
			defaultConfigurationIsVisible = 0;
			defaultConfigurationName = Release;
		};
		B8C291D51A930BDD000F2143 /* Build configuration list for PBXNativeTarget "unnamedTests" */ = {
			isa = XCConfigurationList;
			buildConfigurations = (
				B8C291D61A930BDD000F2143 /* Debug */,
				B8C291D71A930BDD000F2143 /* Release */,
			);
			defaultConfigurationIsVisible = 0;
			defaultConfigurationName = Release;
		};
/* End XCConfigurationList section */
	};
	rootObject = B8C291A71A930BDD000F2143 /* Project object */;
}
